
Microsoft Visual Studio Solution File, Format Version 12.00
# Visual Studio Version 16
VisualStudioVersion = 16.0.31624.102
MinimumVisualStudioVersion = 10.0.40219.1
Project("{FAE04EC0-301F-11D3-BF4B-00C04F79EFBC}") = "Restricoes", "Restricoes\Restricoes.csproj", "{B9BF49C0-7B2B-46A2-9037-E997936D6325}"
EndProject
Global
	GlobalSection(SolutionConfigurationPlatforms) = preSolution
		Debug|Any CPU = Debug|Any CPU
		Release|Any CPU = Release|Any CPU
	EndGlobalSection
	GlobalSection(ProjectConfigurationPlatforms) = postSolution
		{B9BF49C0-7B2B-46A2-9037-E997936D6325}.Debug|Any CPU.ActiveCfg = Debug|Any CPU
		{B9BF49C0-7B2B-46A2-9037-E997936D6325}.Debug|Any CPU.Build.0 = Debug|Any CPU
		{B9BF49C0-7B2B-46A2-9037-E997936D6325}.Release|Any CPU.ActiveCfg = Release|Any CPU
		{B9BF49C0-7B2B-46A2-9037-E997936D6325}.Release|Any CPU.Build.0 = Release|Any CPU
	EndGlobalSection
	GlobalSection(SolutionProperties) = preSolution
		HideSolutionNode = FALSE
	EndGlobalSection
	GlobalSection(ExtensibilityGlobals) = postSolution
		SolutionGuid = {19CD3D45-C39B-4C78-9E1A-6559A0929B04}
	EndGlobalSection
EndGlobal
